
Microsoft Visual Studio Solution File, Format Version 12.00
# Visual Studio Version 16
VisualStudioVersion = 16.0.31624.102
MinimumVisualStudioVersion = 10.0.40219.1
Project("{9A19103F-16F7-4668-BE54-9A1E7A4F7556}") = "NewSocket", "NewSocket\NewSocket.csproj", "{A1BED11C-0AC0-4732-9BF0-5CF9862B99FF}"
EndProject
Project("{9A19103F-16F7-4668-BE54-9A1E7A4F7556}") = "SocketTest", "SocketTest\SocketTest.csproj", "{37EFD21C-5C9D-4FAF-B537-FCD11FA29310}"
EndProject
Global
	GlobalSection(SolutionConfigurationPlatforms) = preSolution
		Debug|Any CPU = Debug|Any CPU
		Release|Any CPU = Release|Any CPU
	EndGlobalSection
	GlobalSection(ProjectConfigurationPlatforms) = postSolution
		{A1BED11C-0AC0-4732-9BF0-5CF9862B99FF}.Debug|Any CPU.ActiveCfg = Debug|Any CPU
		{A1BED11C-0AC0-4732-9BF0-5CF9862B99FF}.Debug|Any CPU.Build.0 = Debug|Any CPU
		{A1BED11C-0AC0-4732-9BF0-5CF9862B99FF}.Release|Any CPU.ActiveCfg = Release|Any CPU
		{A1BED11C-0AC0-4732-9BF0-5CF9862B99FF}.Release|Any CPU.Build.0 = Release|Any CPU
		{37EFD21C-5C9D-4FAF-B537-FCD11FA29310}.Debug|Any CPU.ActiveCfg = Debug|Any CPU
		{37EFD21C-5C9D-4FAF-B537-FCD11FA29310}.Debug|Any CPU.Build.0 = Debug|Any CPU
		{37EFD21C-5C9D-4FAF-B537-FCD11FA29310}.Release|Any CPU.ActiveCfg = Release|Any CPU
		{37EFD21C-5C9D-4FAF-B537-FCD11FA29310}.Release|Any CPU.Build.0 = Release|Any CPU
	EndGlobalSection
	GlobalSection(SolutionProperties) = preSolution
		HideSolutionNode = FALSE
	EndGlobalSection
	GlobalSection(ExtensibilityGlobals) = postSolution
		SolutionGuid = {EEA61626-2BBB-46FE-BD05-73695C70D912}
	EndGlobalSection
EndGlobal
